// !$*UTF8*$!
{
	archiveVersion = 1;
	classes = {
	};
	objectVersion = 55;
	objects = {

/* Begin PBXBuildFile section */
		663ABCBF28C478D100BC13CD /* SongsTableViewFooter.swift in Sources */ = {isa = PBXBuildFile; fileRef = 663ABCBE28C478D100BC13CD /* SongsTableViewFooter.swift */; };
		668FF22028C3733800F58D53 /* AppDelegate.swift in Sources */ = {isa = PBXBuildFile; fileRef = 668FF21F28C3733800F58D53 /* AppDelegate.swift */; };
		668FF22228C3733800F58D53 /* SceneDelegate.swift in Sources */ = {isa = PBXBuildFile; fileRef = 668FF22128C3733800F58D53 /* SceneDelegate.swift */; };
		668FF22928C3733D00F58D53 /* Assets.xcassets in Resources */ = {isa = PBXBuildFile; fileRef = 668FF22828C3733D00F58D53 /* Assets.xcassets */; };
		668FF22C28C3733D00F58D53 /* LaunchScreen.storyboard in Resources */ = {isa = PBXBuildFile; fileRef = 668FF22A28C3733D00F58D53 /* LaunchScreen.storyboard */; };
		668FF23728C3733D00F58D53 /* MyPlaylistTests.swift in Sources */ = {isa = PBXBuildFile; fileRef = 668FF23628C3733D00F58D53 /* MyPlaylistTests.swift */; };
		668FF24128C3733D00F58D53 /* MyPlaylistUITests.swift in Sources */ = {isa = PBXBuildFile; fileRef = 668FF24028C3733D00F58D53 /* MyPlaylistUITests.swift */; };
		668FF24328C3733D00F58D53 /* MyPlaylistUITestsLaunchTests.swift in Sources */ = {isa = PBXBuildFile; fileRef = 668FF24228C3733D00F58D53 /* MyPlaylistUITestsLaunchTests.swift */; };
		668FF25928C3741F00F58D53 /* PlaylistViewController.swift in Sources */ = {isa = PBXBuildFile; fileRef = 668FF25828C3741F00F58D53 /* PlaylistViewController.swift */; };
		668FF25B28C3742800F58D53 /* ProfileViewController.swift in Sources */ = {isa = PBXBuildFile; fileRef = 668FF25A28C3742800F58D53 /* ProfileViewController.swift */; };
		668FF25D28C3745600F58D53 /* TabBarViewController.swift in Sources */ = {isa = PBXBuildFile; fileRef = 668FF25C28C3745600F58D53 /* TabBarViewController.swift */; };
		668FF25F28C3773100F58D53 /* SignInViewController.swift in Sources */ = {isa = PBXBuildFile; fileRef = 668FF25E28C3773100F58D53 /* SignInViewController.swift */; };
		668FF26128C3774D00F58D53 /* AuthViewController.swift in Sources */ = {isa = PBXBuildFile; fileRef = 668FF26028C3774D00F58D53 /* AuthViewController.swift */; };
		668FF26328C377C400F58D53 /* AuthService.swift in Sources */ = {isa = PBXBuildFile; fileRef = 668FF26228C377C400F58D53 /* AuthService.swift */; };
		668FF26528C377CE00F58D53 /* APICaller.swift in Sources */ = {isa = PBXBuildFile; fileRef = 668FF26428C377CE00F58D53 /* APICaller.swift */; };
		668FF26728C378CC00F58D53 /* AuthResponse.swift in Sources */ = {isa = PBXBuildFile; fileRef = 668FF26628C378CC00F58D53 /* AuthResponse.swift */; };
		668FF26928C37DD000F58D53 /* UserProfile.swift in Sources */ = {isa = PBXBuildFile; fileRef = 668FF26828C37DD000F58D53 /* UserProfile.swift */; };
		668FF26B28C37E1C00F58D53 /* PlaylistItem.swift in Sources */ = {isa = PBXBuildFile; fileRef = 668FF26A28C37E1C00F58D53 /* PlaylistItem.swift */; };
		668FF26D28C3810F00F58D53 /* Extensions.swift in Sources */ = {isa = PBXBuildFile; fileRef = 668FF26C28C3810F00F58D53 /* Extensions.swift */; };
		668FF27028C385F100F58D53 /* PlaylistTableViewCell.swift in Sources */ = {isa = PBXBuildFile; fileRef = 668FF26F28C385F100F58D53 /* PlaylistTableViewCell.swift */; };
		668FF27228C3DAAE00F58D53 /* DetailSongsViewController.swift in Sources */ = {isa = PBXBuildFile; fileRef = 668FF27128C3DAAE00F58D53 /* DetailSongsViewController.swift */; };
		668FF27428C3E33200F58D53 /* SongsTableViewCell.swift in Sources */ = {isa = PBXBuildFile; fileRef = 668FF27328C3E33200F58D53 /* SongsTableViewCell.swift */; };
		668FF27628C3E39400F58D53 /* Songs.swift in Sources */ = {isa = PBXBuildFile; fileRef = 668FF27528C3E39400F58D53 /* Songs.swift */; };
		668FF27828C3E86100F58D53 /* PlaylistUser.swift in Sources */ = {isa = PBXBuildFile; fileRef = 668FF27728C3E86100F58D53 /* PlaylistUser.swift */; };
		668FF27A28C3F04E00F58D53 /* SongsTableViewHeader.swift in Sources */ = {isa = PBXBuildFile; fileRef = 668FF27928C3F04E00F58D53 /* SongsTableViewHeader.swift */; };
		668FF27C28C3FC1C00F58D53 /* PlaylistDetail.swift in Sources */ = {isa = PBXBuildFile; fileRef = 668FF27B28C3FC1C00F58D53 /* PlaylistDetail.swift */; };
/* End PBXBuildFile section */

/* Begin PBXContainerItemProxy section */
		668FF23328C3733D00F58D53 /* PBXContainerItemProxy */ = {
			isa = PBXContainerItemProxy;
			containerPortal = 668FF21428C3733800F58D53 /* Project object */;
			proxyType = 1;
			remoteGlobalIDString = 668FF21B28C3733800F58D53;
			remoteInfo = MyPlaylist;
		};
		668FF23D28C3733D00F58D53 /* PBXContainerItemProxy */ = {
			isa = PBXContainerItemProxy;
			containerPortal = 668FF21428C3733800F58D53 /* Project object */;
			proxyType = 1;
			remoteGlobalIDString = 668FF21B28C3733800F58D53;
			remoteInfo = MyPlaylist;
		};
/* End PBXContainerItemProxy section */

/* Begin PBXFileReference section */
		663ABCBE28C478D100BC13CD /* SongsTableViewFooter.swift */ = {isa = PBXFileReference; lastKnownFileType = sourcecode.swift; path = SongsTableViewFooter.swift; sourceTree = "<group>"; };
		668FF21C28C3733800F58D53 /* MyPlaylist.app */ = {isa = PBXFileReference; explicitFileType = wrapper.application; includeInIndex = 0; path = MyPlaylist.app; sourceTree = BUILT_PRODUCTS_DIR; };
		668FF21F28C3733800F58D53 /* AppDelegate.swift */ = {isa = PBXFileReference; lastKnownFileType = sourcecode.swift; path = AppDelegate.swift; sourceTree = "<group>"; };
		668FF22128C3733800F58D53 /* SceneDelegate.swift */ = {isa = PBXFileReference; lastKnownFileType = sourcecode.swift; path = SceneDelegate.swift; sourceTree = "<group>"; };
		668FF22828C3733D00F58D53 /* Assets.xcassets */ = {isa = PBXFileReference; lastKnownFileType = folder.assetcatalog; path = Assets.xcassets; sourceTree = "<group>"; };
		668FF22B28C3733D00F58D53 /* Base */ = {isa = PBXFileReference; lastKnownFileType = file.storyboard; name = Base; path = Base.lproj/LaunchScreen.storyboard; sourceTree = "<group>"; };
		668FF22D28C3733D00F58D53 /* Info.plist */ = {isa = PBXFileReference; lastKnownFileType = text.plist.xml; path = Info.plist; sourceTree = "<group>"; };
		668FF23228C3733D00F58D53 /* MyPlaylistTests.xctest */ = {isa = PBXFileReference; explicitFileType = wrapper.cfbundle; includeInIndex = 0; path = MyPlaylistTests.xctest; sourceTree = BUILT_PRODUCTS_DIR; };
		668FF23628C3733D00F58D53 /* MyPlaylistTests.swift */ = {isa = PBXFileReference; lastKnownFileType = sourcecode.swift; path = MyPlaylistTests.swift; sourceTree = "<group>"; };
		668FF23C28C3733D00F58D53 /* MyPlaylistUITests.xctest */ = {isa = PBXFileReference; explicitFileType = wrapper.cfbundle; includeInIndex = 0; path = MyPlaylistUITests.xctest; sourceTree = BUILT_PRODUCTS_DIR; };
		668FF24028C3733D00F58D53 /* MyPlaylistUITests.swift */ = {isa = PBXFileReference; lastKnownFileType = sourcecode.swift; path = MyPlaylistUITests.swift; sourceTree = "<group>"; };
		668FF24228C3733D00F58D53 /* MyPlaylistUITestsLaunchTests.swift */ = {isa = PBXFileReference; lastKnownFileType = sourcecode.swift; path = MyPlaylistUITestsLaunchTests.swift; sourceTree = "<group>"; };
		668FF25828C3741F00F58D53 /* PlaylistViewController.swift */ = {isa = PBXFileReference; lastKnownFileType = sourcecode.swift; path = PlaylistViewController.swift; sourceTree = "<group>"; };
		668FF25A28C3742800F58D53 /* ProfileViewController.swift */ = {isa = PBXFileReference; lastKnownFileType = sourcecode.swift; path = ProfileViewController.swift; sourceTree = "<group>"; };
		668FF25C28C3745600F58D53 /* TabBarViewController.swift */ = {isa = PBXFileReference; lastKnownFileType = sourcecode.swift; path = TabBarViewController.swift; sourceTree = "<group>"; };
		668FF25E28C3773100F58D53 /* SignInViewController.swift */ = {isa = PBXFileReference; lastKnownFileType = sourcecode.swift; path = SignInViewController.swift; sourceTree = "<group>"; };
		668FF26028C3774D00F58D53 /* AuthViewController.swift */ = {isa = PBXFileReference; lastKnownFileType = sourcecode.swift; path = AuthViewController.swift; sourceTree = "<group>"; };
		668FF26228C377C400F58D53 /* AuthService.swift */ = {isa = PBXFileReference; lastKnownFileType = sourcecode.swift; path = AuthService.swift; sourceTree = "<group>"; };
		668FF26428C377CE00F58D53 /* APICaller.swift */ = {isa = PBXFileReference; lastKnownFileType = sourcecode.swift; path = APICaller.swift; sourceTree = "<group>"; };
		668FF26628C378CC00F58D53 /* AuthResponse.swift */ = {isa = PBXFileReference; lastKnownFileType = sourcecode.swift; path = AuthResponse.swift; sourceTree = "<group>"; };
		668FF26828C37DD000F58D53 /* UserProfile.swift */ = {isa = PBXFileReference; lastKnownFileType = sourcecode.swift; path = UserProfile.swift; sourceTree = "<group>"; };
		668FF26A28C37E1C00F58D53 /* PlaylistItem.swift */ = {isa = PBXFileReference; lastKnownFileType = sourcecode.swift; path = PlaylistItem.swift; sourceTree = "<group>"; };
		668FF26C28C3810F00F58D53 /* Extensions.swift */ = {isa = PBXFileReference; lastKnownFileType = sourcecode.swift; path = Extensions.swift; sourceTree = "<group>"; };
		668FF26F28C385F100F58D53 /* PlaylistTableViewCell.swift */ = {isa = PBXFileReference; lastKnownFileType = sourcecode.swift; path = PlaylistTableViewCell.swift; sourceTree = "<group>"; };
		668FF27128C3DAAE00F58D53 /* DetailSongsViewController.swift */ = {isa = PBXFileReference; lastKnownFileType = sourcecode.swift; path = DetailSongsViewController.swift; sourceTree = "<group>"; };
		668FF27328C3E33200F58D53 /* SongsTableViewCell.swift */ = {isa = PBXFileReference; lastKnownFileType = sourcecode.swift; path = SongsTableViewCell.swift; sourceTree = "<group>"; };
		668FF27528C3E39400F58D53 /* Songs.swift */ = {isa = PBXFileReference; lastKnownFileType = sourcecode.swift; path = Songs.swift; sourceTree = "<group>"; };
		668FF27728C3E86100F58D53 /* PlaylistUser.swift */ = {isa = PBXFileReference; lastKnownFileType = sourcecode.swift; path = PlaylistUser.swift; sourceTree = "<group>"; };
		668FF27928C3F04E00F58D53 /* SongsTableViewHeader.swift */ = {isa = PBXFileReference; lastKnownFileType = sourcecode.swift; path = SongsTableViewHeader.swift; sourceTree = "<group>"; };
		668FF27B28C3FC1C00F58D53 /* PlaylistDetail.swift */ = {isa = PBXFileReference; lastKnownFileType = sourcecode.swift; path = PlaylistDetail.swift; sourceTree = "<group>"; };
/* End PBXFileReference section */

/* Begin PBXFrameworksBuildPhase section */
		668FF21928C3733800F58D53 /* Frameworks */ = {
			isa = PBXFrameworksBuildPhase;
			buildActionMask = 2147483647;
			files = (
			);
			runOnlyForDeploymentPostprocessing = 0;
		};
		668FF22F28C3733D00F58D53 /* Frameworks */ = {
			isa = PBXFrameworksBuildPhase;
			buildActionMask = 2147483647;
			files = (
			);
			runOnlyForDeploymentPostprocessing = 0;
		};
		668FF23928C3733D00F58D53 /* Frameworks */ = {
			isa = PBXFrameworksBuildPhase;
			buildActionMask = 2147483647;
			files = (
			);
			runOnlyForDeploymentPostprocessing = 0;
		};
/* End PBXFrameworksBuildPhase section */

/* Begin PBXGroup section */
		668FF21328C3733800F58D53 = {
			isa = PBXGroup;
			children = (
				668FF21E28C3733800F58D53 /* MyPlaylist */,
				668FF23528C3733D00F58D53 /* MyPlaylistTests */,
				668FF23F28C3733D00F58D53 /* MyPlaylistUITests */,
				668FF21D28C3733800F58D53 /* Products */,
			);
			sourceTree = "<group>";
		};
		668FF21D28C3733800F58D53 /* Products */ = {
			isa = PBXGroup;
			children = (
				668FF21C28C3733800F58D53 /* MyPlaylist.app */,
				668FF23228C3733D00F58D53 /* MyPlaylistTests.xctest */,
				668FF23C28C3733D00F58D53 /* MyPlaylistUITests.xctest */,
			);
			name = Products;
			sourceTree = "<group>";
		};
		668FF21E28C3733800F58D53 /* MyPlaylist */ = {
			isa = PBXGroup;
			children = (
				668FF26E28C385C400F58D53 /* Views */,
				668FF25528C373CA00F58D53 /* Resources */,
				668FF25428C373A800F58D53 /* Services */,
				668FF25128C3737100F58D53 /* Controllers */,
				668FF25028C3736B00F58D53 /* Models */,
				668FF24F28C3736100F58D53 /* ViewModel */,
				668FF22D28C3733D00F58D53 /* Info.plist */,
			);
			path = MyPlaylist;
			sourceTree = "<group>";
		};
		668FF23528C3733D00F58D53 /* MyPlaylistTests */ = {
			isa = PBXGroup;
			children = (
				668FF23628C3733D00F58D53 /* MyPlaylistTests.swift */,
			);
			path = MyPlaylistTests;
			sourceTree = "<group>";
		};
		668FF23F28C3733D00F58D53 /* MyPlaylistUITests */ = {
			isa = PBXGroup;
			children = (
				668FF24028C3733D00F58D53 /* MyPlaylistUITests.swift */,
				668FF24228C3733D00F58D53 /* MyPlaylistUITestsLaunchTests.swift */,
			);
			path = MyPlaylistUITests;
			sourceTree = "<group>";
		};
		668FF24F28C3736100F58D53 /* ViewModel */ = {
			isa = PBXGroup;
			children = (
				668FF27B28C3FC1C00F58D53 /* PlaylistDetail.swift */,
				668FF27528C3E39400F58D53 /* Songs.swift */,
			);
			path = ViewModel;
			sourceTree = "<group>";
		};
		668FF25028C3736B00F58D53 /* Models */ = {
			isa = PBXGroup;
			children = (
				668FF26628C378CC00F58D53 /* AuthResponse.swift */,
				668FF26828C37DD000F58D53 /* UserProfile.swift */,
				668FF26A28C37E1C00F58D53 /* PlaylistItem.swift */,
				668FF27728C3E86100F58D53 /* PlaylistUser.swift */,
			);
			path = Models;
			sourceTree = "<group>";
		};
		668FF25128C3737100F58D53 /* Controllers */ = {
			isa = PBXGroup;
			children = (
				668FF25328C3739B00F58D53 /* Other */,
				668FF25228C3739600F58D53 /* Core */,
			);
			path = Controllers;
			sourceTree = "<group>";
		};
		668FF25228C3739600F58D53 /* Core */ = {
			isa = PBXGroup;
			children = (
				668FF25828C3741F00F58D53 /* PlaylistViewController.swift */,
				668FF25A28C3742800F58D53 /* ProfileViewController.swift */,
				668FF25C28C3745600F58D53 /* TabBarViewController.swift */,
			);
			path = Core;
			sourceTree = "<group>";
		};
		668FF25328C3739B00F58D53 /* Other */ = {
			isa = PBXGroup;
			children = (
				668FF25E28C3773100F58D53 /* SignInViewController.swift */,
				668FF26028C3774D00F58D53 /* AuthViewController.swift */,
				668FF27128C3DAAE00F58D53 /* DetailSongsViewController.swift */,
			);
			path = Other;
			sourceTree = "<group>";
		};
		668FF25428C373A800F58D53 /* Services */ = {
			isa = PBXGroup;
			children = (
				668FF26228C377C400F58D53 /* AuthService.swift */,
				668FF26428C377CE00F58D53 /* APICaller.swift */,
			);
			path = Services;
			sourceTree = "<group>";
		};
		668FF25528C373CA00F58D53 /* Resources */ = {
			isa = PBXGroup;
			children = (
				668FF21F28C3733800F58D53 /* AppDelegate.swift */,
				668FF22128C3733800F58D53 /* SceneDelegate.swift */,
				668FF22828C3733D00F58D53 /* Assets.xcassets */,
				668FF26C28C3810F00F58D53 /* Extensions.swift */,
			);
			path = Resources;
			sourceTree = "<group>";
		};
		668FF26E28C385C400F58D53 /* Views */ = {
			isa = PBXGroup;
			children = (
				668FF22A28C3733D00F58D53 /* LaunchScreen.storyboard */,
				668FF26F28C385F100F58D53 /* PlaylistTableViewCell.swift */,
				668FF27328C3E33200F58D53 /* SongsTableViewCell.swift */,
				668FF27928C3F04E00F58D53 /* SongsTableViewHeader.swift */,
				663ABCBE28C478D100BC13CD /* SongsTableViewFooter.swift */,
			);
			path = Views;
			sourceTree = "<group>";
		};
/* End PBXGroup section */

/* Begin PBXNativeTarget section */
		668FF21B28C3733800F58D53 /* MyPlaylist */ = {
			isa = PBXNativeTarget;
			buildConfigurationList = 668FF24628C3733D00F58D53 /* Build configuration list for PBXNativeTarget "MyPlaylist" */;
			buildPhases = (
				668FF21828C3733800F58D53 /* Sources */,
				668FF21928C3733800F58D53 /* Frameworks */,
				668FF21A28C3733800F58D53 /* Resources */,
			);
			buildRules = (
			);
			dependencies = (
			);
			name = MyPlaylist;
			productName = MyPlaylist;
			productReference = 668FF21C28C3733800F58D53 /* MyPlaylist.app */;
			productType = "com.apple.product-type.application";
		};
		668FF23128C3733D00F58D53 /* MyPlaylistTests */ = {
			isa = PBXNativeTarget;
			buildConfigurationList = 668FF24928C3733D00F58D53 /* Build configuration list for PBXNativeTarget "MyPlaylistTests" */;
			buildPhases = (
				668FF22E28C3733D00F58D53 /* Sources */,
				668FF22F28C3733D00F58D53 /* Frameworks */,
				668FF23028C3733D00F58D53 /* Resources */,
			);
			buildRules = (
			);
			dependencies = (
				668FF23428C3733D00F58D53 /* PBXTargetDependency */,
			);
			name = MyPlaylistTests;
			productName = MyPlaylistTests;
			productReference = 668FF23228C3733D00F58D53 /* MyPlaylistTests.xctest */;
			productType = "com.apple.product-type.bundle.unit-test";
		};
		668FF23B28C3733D00F58D53 /* MyPlaylistUITests */ = {
			isa = PBXNativeTarget;
			buildConfigurationList = 668FF24C28C3733D00F58D53 /* Build configuration list for PBXNativeTarget "MyPlaylistUITests" */;
			buildPhases = (
				668FF23828C3733D00F58D53 /* Sources */,
				668FF23928C3733D00F58D53 /* Frameworks */,
				668FF23A28C3733D00F58D53 /* Resources */,
			);
			buildRules = (
			);
			dependencies = (
				668FF23E28C3733D00F58D53 /* PBXTargetDependency */,
			);
			name = MyPlaylistUITests;
			productName = MyPlaylistUITests;
			productReference = 668FF23C28C3733D00F58D53 /* MyPlaylistUITests.xctest */;
			productType = "com.apple.product-type.bundle.ui-testing";
		};
/* End PBXNativeTarget section */

/* Begin PBXProject section */
		668FF21428C3733800F58D53 /* Project object */ = {
			isa = PBXProject;
			attributes = {
				BuildIndependentTargetsInParallel = 1;
				LastSwiftUpdateCheck = 1340;
				LastUpgradeCheck = 1340;
				TargetAttributes = {
					668FF21B28C3733800F58D53 = {
						CreatedOnToolsVersion = 13.4.1;
					};
					668FF23128C3733D00F58D53 = {
						CreatedOnToolsVersion = 13.4.1;
						TestTargetID = 668FF21B28C3733800F58D53;
					};
					668FF23B28C3733D00F58D53 = {
						CreatedOnToolsVersion = 13.4.1;
						TestTargetID = 668FF21B28C3733800F58D53;
					};
				};
			};
			buildConfigurationList = 668FF21728C3733800F58D53 /* Build configuration list for PBXProject "MyPlaylist" */;
			compatibilityVersion = "Xcode 13.0";
			developmentRegion = en;
			hasScannedForEncodings = 0;
			knownRegions = (
				en,
				Base,
			);
			mainGroup = 668FF21328C3733800F58D53;
			productRefGroup = 668FF21D28C3733800F58D53 /* Products */;
			projectDirPath = "";
			projectRoot = "";
			targets = (
				668FF21B28C3733800F58D53 /* MyPlaylist */,
				668FF23128C3733D00F58D53 /* MyPlaylistTests */,
				668FF23B28C3733D00F58D53 /* MyPlaylistUITests */,
			);
		};
/* End PBXProject section */

/* Begin PBXResourcesBuildPhase section */
		668FF21A28C3733800F58D53 /* Resources */ = {
			isa = PBXResourcesBuildPhase;
			buildActionMask = 2147483647;
			files = (
				668FF22C28C3733D00F58D53 /* LaunchScreen.storyboard in Resources */,
				668FF22928C3733D00F58D53 /* Assets.xcassets in Resources */,
			);
			runOnlyForDeploymentPostprocessing = 0;
		};
		668FF23028C3733D00F58D53 /* Resources */ = {
			isa = PBXResourcesBuildPhase;
			buildActionMask = 2147483647;
			files = (
			);
			runOnlyForDeploymentPostprocessing = 0;
		};
		668FF23A28C3733D00F58D53 /* Resources */ = {
			isa = PBXResourcesBuildPhase;
			buildActionMask = 2147483647;
			files = (
			);
			runOnlyForDeploymentPostprocessing = 0;
		};
/* End PBXResourcesBuildPhase section */

/* Begin PBXSourcesBuildPhase section */
		668FF21828C3733800F58D53 /* Sources */ = {
			isa = PBXSourcesBuildPhase;
			buildActionMask = 2147483647;
			files = (
				668FF27428C3E33200F58D53 /* SongsTableViewCell.swift in Sources */,
				668FF27A28C3F04E00F58D53 /* SongsTableViewHeader.swift in Sources */,
				668FF25F28C3773100F58D53 /* SignInViewController.swift in Sources */,
				668FF26B28C37E1C00F58D53 /* PlaylistItem.swift in Sources */,
				668FF27C28C3FC1C00F58D53 /* PlaylistDetail.swift in Sources */,
				668FF25B28C3742800F58D53 /* ProfileViewController.swift in Sources */,
				668FF27828C3E86100F58D53 /* PlaylistUser.swift in Sources */,
				668FF25928C3741F00F58D53 /* PlaylistViewController.swift in Sources */,
				668FF26528C377CE00F58D53 /* APICaller.swift in Sources */,
				668FF26328C377C400F58D53 /* AuthService.swift in Sources */,
				668FF26128C3774D00F58D53 /* AuthViewController.swift in Sources */,
				668FF22028C3733800F58D53 /* AppDelegate.swift in Sources */,
				668FF27228C3DAAE00F58D53 /* DetailSongsViewController.swift in Sources */,
				668FF26928C37DD000F58D53 /* UserProfile.swift in Sources */,
				668FF27028C385F100F58D53 /* PlaylistTableViewCell.swift in Sources */,
				668FF26728C378CC00F58D53 /* AuthResponse.swift in Sources */,
				668FF25D28C3745600F58D53 /* TabBarViewController.swift in Sources */,
				668FF22228C3733800F58D53 /* SceneDelegate.swift in Sources */,
				663ABCBF28C478D100BC13CD /* SongsTableViewFooter.swift in Sources */,
				668FF26D28C3810F00F58D53 /* Extensions.swift in Sources */,
				668FF27628C3E39400F58D53 /* Songs.swift in Sources */,
			);
			runOnlyForDeploymentPostprocessing = 0;
		};
		668FF22E28C3733D00F58D53 /* Sources */ = {
			isa = PBXSourcesBuildPhase;
			buildActionMask = 2147483647;
			files = (
				668FF23728C3733D00F58D53 /* MyPlaylistTests.swift in Sources */,
			);
			runOnlyForDeploymentPostprocessing = 0;
		};
		668FF23828C3733D00F58D53 /* Sources */ = {
			isa = PBXSourcesBuildPhase;
			buildActionMask = 2147483647;
			files = (
				668FF24328C3733D00F58D53 /* MyPlaylistUITestsLaunchTests.swift in Sources */,
				668FF24128C3733D00F58D53 /* MyPlaylistUITests.swift in Sources */,
			);
			runOnlyForDeploymentPostprocessing = 0;
		};
/* End PBXSourcesBuildPhase section */

/* Begin PBXTargetDependency section */
		668FF23428C3733D00F58D53 /* PBXTargetDependency */ = {
			isa = PBXTargetDependency;
			target = 668FF21B28C3733800F58D53 /* MyPlaylist */;
			targetProxy = 668FF23328C3733D00F58D53 /* PBXContainerItemProxy */;
		};
		668FF23E28C3733D00F58D53 /* PBXTargetDependency */ = {
			isa = PBXTargetDependency;
			target = 668FF21B28C3733800F58D53 /* MyPlaylist */;
			targetProxy = 668FF23D28C3733D00F58D53 /* PBXContainerItemProxy */;
		};
/* End PBXTargetDependency section */

/* Begin PBXVariantGroup section */
		668FF22A28C3733D00F58D53 /* LaunchScreen.storyboard */ = {
			isa = PBXVariantGroup;
			children = (
				668FF22B28C3733D00F58D53 /* Base */,
			);
			name = LaunchScreen.storyboard;
			sourceTree = "<group>";
		};
/* End PBXVariantGroup section */

/* Begin XCBuildConfiguration section */
		668FF24428C3733D00F58D53 /* Debug */ = {
			isa = XCBuildConfiguration;
			buildSettings = {
				ALWAYS_SEARCH_USER_PATHS = NO;
				CLANG_ANALYZER_NONNULL = YES;
				CLANG_ANALYZER_NUMBER_OBJECT_CONVERSION = YES_AGGRESSIVE;
				CLANG_CXX_LANGUAGE_STANDARD = "gnu++17";
				CLANG_ENABLE_MODULES = YES;
				CLANG_ENABLE_OBJC_ARC = YES;
				CLANG_ENABLE_OBJC_WEAK = YES;
				CLANG_WARN_BLOCK_CAPTURE_AUTORELEASING = YES;
				CLANG_WARN_BOOL_CONVERSION = YES;
				CLANG_WARN_COMMA = YES;
				CLANG_WARN_CONSTANT_CONVERSION = YES;
				CLANG_WARN_DEPRECATED_OBJC_IMPLEMENTATIONS = YES;
				CLANG_WARN_DIRECT_OBJC_ISA_USAGE = YES_ERROR;
				CLANG_WARN_DOCUMENTATION_COMMENTS = YES;
				CLANG_WARN_EMPTY_BODY = YES;
				CLANG_WARN_ENUM_CONVERSION = YES;
				CLANG_WARN_INFINITE_RECURSION = YES;
				CLANG_WARN_INT_CONVERSION = YES;
				CLANG_WARN_NON_LITERAL_NULL_CONVERSION = YES;
				CLANG_WARN_OBJC_IMPLICIT_RETAIN_SELF = YES;
				CLANG_WARN_OBJC_LITERAL_CONVERSION = YES;
				CLANG_WARN_OBJC_ROOT_CLASS = YES_ERROR;
				CLANG_WARN_QUOTED_INCLUDE_IN_FRAMEWORK_HEADER = YES;
				CLANG_WARN_RANGE_LOOP_ANALYSIS = YES;
				CLANG_WARN_STRICT_PROTOTYPES = YES;
				CLANG_WARN_SUSPICIOUS_MOVE = YES;
				CLANG_WARN_UNGUARDED_AVAILABILITY = YES_AGGRESSIVE;
				CLANG_WARN_UNREACHABLE_CODE = YES;
				CLANG_WARN__DUPLICATE_METHOD_MATCH = YES;
				COPY_PHASE_STRIP = NO;
				DEBUG_INFORMATION_FORMAT = dwarf;
				ENABLE_STRICT_OBJC_MSGSEND = YES;
				ENABLE_TESTABILITY = YES;
				GCC_C_LANGUAGE_STANDARD = gnu11;
				GCC_DYNAMIC_NO_PIC = NO;
				GCC_NO_COMMON_BLOCKS = YES;
				GCC_OPTIMIZATION_LEVEL = 0;
				GCC_PREPROCESSOR_DEFINITIONS = (
					"DEBUG=1",
					"$(inherited)",
				);
				GCC_WARN_64_TO_32_BIT_CONVERSION = YES;
				GCC_WARN_ABOUT_RETURN_TYPE = YES_ERROR;
				GCC_WARN_UNDECLARED_SELECTOR = YES;
				GCC_WARN_UNINITIALIZED_AUTOS = YES_AGGRESSIVE;
				GCC_WARN_UNUSED_FUNCTION = YES;
				GCC_WARN_UNUSED_VARIABLE = YES;
				IPHONEOS_DEPLOYMENT_TARGET = 15.5;
				MTL_ENABLE_DEBUG_INFO = INCLUDE_SOURCE;
				MTL_FAST_MATH = YES;
				ONLY_ACTIVE_ARCH = YES;
				SDKROOT = iphoneos;
				SWIFT_ACTIVE_COMPILATION_CONDITIONS = DEBUG;
				SWIFT_OPTIMIZATION_LEVEL = "-Onone";
			};
			name = Debug;
		};
		668FF24528C3733D00F58D53 /* Release */ = {
			isa = XCBuildConfiguration;
			buildSettings = {
				ALWAYS_SEARCH_USER_PATHS = NO;
				CLANG_ANALYZER_NONNULL = YES;
				CLANG_ANALYZER_NUMBER_OBJECT_CONVERSION = YES_AGGRESSIVE;
				CLANG_CXX_LANGUAGE_STANDARD = "gnu++17";
				CLANG_ENABLE_MODULES = YES;
				CLANG_ENABLE_OBJC_ARC = YES;
				CLANG_ENABLE_OBJC_WEAK = YES;
				CLANG_WARN_BLOCK_CAPTURE_AUTORELEASING = YES;
				CLANG_WARN_BOOL_CONVERSION = YES;
				CLANG_WARN_COMMA = YES;
				CLANG_WARN_CONSTANT_CONVERSION = YES;
				CLANG_WARN_DEPRECATED_OBJC_IMPLEMENTATIONS = YES;
				CLANG_WARN_DIRECT_OBJC_ISA_USAGE = YES_ERROR;
				CLANG_WARN_DOCUMENTATION_COMMENTS = YES;
				CLANG_WARN_EMPTY_BODY = YES;
				CLANG_WARN_ENUM_CONVERSION = YES;
				CLANG_WARN_INFINITE_RECURSION = YES;
				CLANG_WARN_INT_CONVERSION = YES;
				CLANG_WARN_NON_LITERAL_NULL_CONVERSION = YES;
				CLANG_WARN_OBJC_IMPLICIT_RETAIN_SELF = YES;
				CLANG_WARN_OBJC_LITERAL_CONVERSION = YES;
				CLANG_WARN_OBJC_ROOT_CLASS = YES_ERROR;
				CLANG_WARN_QUOTED_INCLUDE_IN_FRAMEWORK_HEADER = YES;
				CLANG_WARN_RANGE_LOOP_ANALYSIS = YES;
				CLANG_WARN_STRICT_PROTOTYPES = YES;
				CLANG_WARN_SUSPICIOUS_MOVE = YES;
				CLANG_WARN_UNGUARDED_AVAILABILITY = YES_AGGRESSIVE;
				CLANG_WARN_UNREACHABLE_CODE = YES;
				CLANG_WARN__DUPLICATE_METHOD_MATCH = YES;
				COPY_PHASE_STRIP = NO;
				DEBUG_INFORMATION_FORMAT = "dwarf-with-dsym";
				ENABLE_NS_ASSERTIONS = NO;
				ENABLE_STRICT_OBJC_MSGSEND = YES;
				GCC_C_LANGUAGE_STANDARD = gnu11;
				GCC_NO_COMMON_BLOCKS = YES;
				GCC_WARN_64_TO_32_BIT_CONVERSION = YES;
				GCC_WARN_ABOUT_RETURN_TYPE = YES_ERROR;
				GCC_WARN_UNDECLARED_SELECTOR = YES;
				GCC_WARN_UNINITIALIZED_AUTOS = YES_AGGRESSIVE;
				GCC_WARN_UNUSED_FUNCTION = YES;
				GCC_WARN_UNUSED_VARIABLE = YES;
				IPHONEOS_DEPLOYMENT_TARGET = 15.5;
				MTL_ENABLE_DEBUG_INFO = NO;
				MTL_FAST_MATH = YES;
				SDKROOT = iphoneos;
				SWIFT_COMPILATION_MODE = wholemodule;
				SWIFT_OPTIMIZATION_LEVEL = "-O";
				VALIDATE_PRODUCT = YES;
			};
			name = Release;
		};
		668FF24728C3733D00F58D53 /* Debug */ = {
			isa = XCBuildConfiguration;
			buildSettings = {
				ASSETCATALOG_COMPILER_APPICON_NAME = AppIcon;
				ASSETCATALOG_COMPILER_GLOBAL_ACCENT_COLOR_NAME = AccentColor;
				CODE_SIGN_STYLE = Automatic;
				CURRENT_PROJECT_VERSION = 1;
				DEVELOPMENT_TEAM = ST9AXFVW76;
				GENERATE_INFOPLIST_FILE = YES;
				INFOPLIST_FILE = MyPlaylist/Info.plist;
				INFOPLIST_KEY_UIApplicationSupportsIndirectInputEvents = YES;
				INFOPLIST_KEY_UILaunchStoryboardName = LaunchScreen;
				INFOPLIST_KEY_UISupportedInterfaceOrientations_iPad = "UIInterfaceOrientationPortrait UIInterfaceOrientationPortraitUpsideDown UIInterfaceOrientationLandscapeLeft UIInterfaceOrientationLandscapeRight";
				INFOPLIST_KEY_UISupportedInterfaceOrientations_iPhone = "UIInterfaceOrientationPortrait UIInterfaceOrientationLandscapeLeft UIInterfaceOrientationLandscapeRight";
				LD_RUNPATH_SEARCH_PATHS = (
					"$(inherited)",
					"@executable_path/Frameworks",
				);
				MARKETING_VERSION = 1.0;
				PRODUCT_BUNDLE_IDENTIFIER = com.dicoding.academy.MyPlaylist;
				PRODUCT_NAME = "$(TARGET_NAME)";
				SWIFT_EMIT_LOC_STRINGS = YES;
				SWIFT_VERSION = 5.0;
				TARGETED_DEVICE_FAMILY = "1,2";
			};
			name = Debug;
		};
		668FF24828C3733D00F58D53 /* Release */ = {
			isa = XCBuildConfiguration;
			buildSettings = {
				ASSETCATALOG_COMPILER_APPICON_NAME = AppIcon;
				ASSETCATALOG_COMPILER_GLOBAL_ACCENT_COLOR_NAME = AccentColor;
				CODE_SIGN_STYLE = Automatic;
				CURRENT_PROJECT_VERSION = 1;
				DEVELOPMENT_TEAM = ST9AXFVW76;
				GENERATE_INFOPLIST_FILE = YES;
				INFOPLIST_FILE = MyPlaylist/Info.plist;
				INFOPLIST_KEY_UIApplicationSupportsIndirectInputEvents = YES;
				INFOPLIST_KEY_UILaunchStoryboardName = LaunchScreen;
				INFOPLIST_KEY_UISupportedInterfaceOrientations_iPad = "UIInterfaceOrientationPortrait UIInterfaceOrientationPortraitUpsideDown UIInterfaceOrientationLandscapeLeft UIInterfaceOrientationLandscapeRight";
				INFOPLIST_KEY_UISupportedInterfaceOrientations_iPhone = "UIInterfaceOrientationPortrait UIInterfaceOrientationLandscapeLeft UIInterfaceOrientationLandscapeRight";
				LD_RUNPATH_SEARCH_PATHS = (
					"$(inherited)",
					"@executable_path/Frameworks",
				);
				MARKETING_VERSION = 1.0;
				PRODUCT_BUNDLE_IDENTIFIER = com.dicoding.academy.MyPlaylist;
				PRODUCT_NAME = "$(TARGET_NAME)";
				SWIFT_EMIT_LOC_STRINGS = YES;
				SWIFT_VERSION = 5.0;
				TARGETED_DEVICE_FAMILY = "1,2";
			};
			name = Release;
		};
		668FF24A28C3733D00F58D53 /* Debug */ = {
			isa = XCBuildConfiguration;
			buildSettings = {
				ALWAYS_EMBED_SWIFT_STANDARD_LIBRARIES = YES;
				BUNDLE_LOADER = "$(TEST_HOST)";
				CODE_SIGN_STYLE = Automatic;
				CURRENT_PROJECT_VERSION = 1;
				DEVELOPMENT_TEAM = ST9AXFVW76;
				GENERATE_INFOPLIST_FILE = YES;
				IPHONEOS_DEPLOYMENT_TARGET = 15.5;
				MARKETING_VERSION = 1.0;
				PRODUCT_BUNDLE_IDENTIFIER = com.dicoding.academy.MyPlaylistTests;
				PRODUCT_NAME = "$(TARGET_NAME)";
				SWIFT_EMIT_LOC_STRINGS = NO;
				SWIFT_VERSION = 5.0;
				TARGETED_DEVICE_FAMILY = "1,2";
				TEST_HOST = "$(BUILT_PRODUCTS_DIR)/MyPlaylist.app/MyPlaylist";
			};
			name = Debug;
		};
		668FF24B28C3733D00F58D53 /* Release */ = {
			isa = XCBuildConfiguration;
			buildSettings = {
				ALWAYS_EMBED_SWIFT_STANDARD_LIBRARIES = YES;
				BUNDLE_LOADER = "$(TEST_HOST)";
				CODE_SIGN_STYLE = Automatic;
				CURRENT_PROJECT_VERSION = 1;
				DEVELOPMENT_TEAM = ST9AXFVW76;
				GENERATE_INFOPLIST_FILE = YES;
				IPHONEOS_DEPLOYMENT_TARGET = 15.5;
				MARKETING_VERSION = 1.0;
				PRODUCT_BUNDLE_IDENTIFIER = com.dicoding.academy.MyPlaylistTests;
				PRODUCT_NAME = "$(TARGET_NAME)";
				SWIFT_EMIT_LOC_STRINGS = NO;
				SWIFT_VERSION = 5.0;
				TARGETED_DEVICE_FAMILY = "1,2";
				TEST_HOST = "$(BUILT_PRODUCTS_DIR)/MyPlaylist.app/MyPlaylist";
			};
			name = Release;
		};
		668FF24D28C3733D00F58D53 /* Debug */ = {
			isa = XCBuildConfiguration;
			buildSettings = {
				ALWAYS_EMBED_SWIFT_STANDARD_LIBRARIES = YES;
				CODE_SIGN_STYLE = Automatic;
				CURRENT_PROJECT_VERSION = 1;
				DEVELOPMENT_TEAM = ST9AXFVW76;
				GENERATE_INFOPLIST_FILE = YES;
				MARKETING_VERSION = 1.0;
				PRODUCT_BUNDLE_IDENTIFIER = com.dicoding.academy.MyPlaylistUITests;
				PRODUCT_NAME = "$(TARGET_NAME)";
				SWIFT_EMIT_LOC_STRINGS = NO;
				SWIFT_VERSION = 5.0;
				TARGETED_DEVICE_FAMILY = "1,2";
				TEST_TARGET_NAME = MyPlaylist;
			};
			name = Debug;
		};
		668FF24E28C3733D00F58D53 /* Release */ = {
			isa = XCBuildConfiguration;
			buildSettings = {
				ALWAYS_EMBED_SWIFT_STANDARD_LIBRARIES = YES;
				CODE_SIGN_STYLE = Automatic;
				CURRENT_PROJECT_VERSION = 1;
				DEVELOPMENT_TEAM = ST9AXFVW76;
				GENERATE_INFOPLIST_FILE = YES;
				MARKETING_VERSION = 1.0;
				PRODUCT_BUNDLE_IDENTIFIER = com.dicoding.academy.MyPlaylistUITests;
				PRODUCT_NAME = "$(TARGET_NAME)";
				SWIFT_EMIT_LOC_STRINGS = NO;
				SWIFT_VERSION = 5.0;
				TARGETED_DEVICE_FAMILY = "1,2";
				TEST_TARGET_NAME = MyPlaylist;
			};
			name = Release;
		};
/* End XCBuildConfiguration section */

/* Begin XCConfigurationList section */
		668FF21728C3733800F58D53 /* Build configuration list for PBXProject "MyPlaylist" */ = {
			isa = XCConfigurationList;
			buildConfigurations = (
				668FF24428C3733D00F58D53 /* Debug */,
				668FF24528C3733D00F58D53 /* Release */,
			);
			defaultConfigurationIsVisible = 0;
			defaultConfigurationName = Release;
		};
		668FF24628C3733D00F58D53 /* Build configuration list for PBXNativeTarget "MyPlaylist" */ = {
			isa = XCConfigurationList;
			buildConfigurations = (
				668FF24728C3733D00F58D53 /* Debug */,
				668FF24828C3733D00F58D53 /* Release */,
			);
			defaultConfigurationIsVisible = 0;
			defaultConfigurationName = Release;
		};
		668FF24928C3733D00F58D53 /* Build configuration list for PBXNativeTarget "MyPlaylistTests" */ = {
			isa = XCConfigurationList;
			buildConfigurations = (
				668FF24A28C3733D00F58D53 /* Debug */,
				668FF24B28C3733D00F58D53 /* Release */,
			);
			defaultConfigurationIsVisible = 0;
			defaultConfigurationName = Release;
		};
		668FF24C28C3733D00F58D53 /* Build configuration list for PBXNativeTarget "MyPlaylistUITests" */ = {
			isa = XCConfigurationList;
			buildConfigurations = (
				668FF24D28C3733D00F58D53 /* Debug */,
				668FF24E28C3733D00F58D53 /* Release */,
			);
			defaultConfigurationIsVisible = 0;
			defaultConfigurationName = Release;
		};
/* End XCConfigurationList section */
	};
	rootObject = 668FF21428C3733800F58D53 /* Project object */;
}
